
Microsoft Visual Studio Solution File, Format Version 12.00
# Visual Studio Version 17
VisualStudioVersion = 17.11.35222.181
MinimumVisualStudioVersion = 10.0.40219.1
Project("{FAE04EC0-301F-11D3-BF4B-00C04F79EFBC}") = "TestNinja", "TestNinja\TestNinja.csproj", "{7328740E-4B78-464F-8352-65D887F2145F}"
EndProject
Project("{FAE04EC0-301F-11D3-BF4B-00C04F79EFBC}") = "UnitTestAuthorizeRegisteration", "UnitTestAuthorizeRegisteration\UnitTestAuthorizeRegisteration.csproj", "{B384C5E5-F162-4479-BDF0-A996278609E3}"
EndProject
Global
	GlobalSection(SolutionConfigurationPlatforms) = preSolution
		Debug|Any CPU = Debug|Any CPU
		Release|Any CPU = Release|Any CPU
	EndGlobalSection
	GlobalSection(ProjectConfigurationPlatforms) = postSolution
		{7328740E-4B78-464F-8352-65D887F2145F}.Debug|Any CPU.ActiveCfg = Debug|Any CPU
		{7328740E-4B78-464F-8352-65D887F2145F}.Debug|Any CPU.Build.0 = Debug|Any CPU
		{7328740E-4B78-464F-8352-65D887F2145F}.Release|Any CPU.ActiveCfg = Release|Any CPU
		{7328740E-4B78-464F-8352-65D887F2145F}.Release|Any CPU.Build.0 = Release|Any CPU
		{B384C5E5-F162-4479-BDF0-A996278609E3}.Debug|Any CPU.ActiveCfg = Debug|Any CPU
		{B384C5E5-F162-4479-BDF0-A996278609E3}.Debug|Any CPU.Build.0 = Debug|Any CPU
		{B384C5E5-F162-4479-BDF0-A996278609E3}.Release|Any CPU.ActiveCfg = Release|Any CPU
		{B384C5E5-F162-4479-BDF0-A996278609E3}.Release|Any CPU.Build.0 = Release|Any CPU
	EndGlobalSection
	GlobalSection(SolutionProperties) = preSolution
		HideSolutionNode = FALSE
	EndGlobalSection
	GlobalSection(ExtensibilityGlobals) = postSolution
		SolutionGuid = {A18D3D9D-7FB2-458B-928C-420A7E6228F0}
	EndGlobalSection
EndGlobal
